
Microsoft Visual Studio Solution File, Format Version 12.00
# Visual Studio Version 17
VisualStudioVersion = 17.0.31903.59
MinimumVisualStudioVersion = 10.0.40219.1
Project("{2150E333-8FDC-42A3-9474-1A3956D46DE8}") = "Examples", "Examples", "{B36A84DF-456D-A817-6EDD-3EC3E7F6E11F}"
EndProject
Project("{2150E333-8FDC-42A3-9474-1A3956D46DE8}") = "Basics", "Basics", "{B7859C26-2FDE-C82C-7BEF-75AF2975790A}"
EndProject
Project("{2150E333-8FDC-42A3-9474-1A3956D46DE8}") = "Setup", "Setup", "{A65821C0-2555-07B0-65E2-B44F8FC97E86}"
EndProject
Project("{FAE04EC0-301F-11D3-BF4B-00C04F79EFBC}") = "MinimalTestProjectSetup", "Examples\Basics\Setup\MinimalTestProjectSetup\MinimalTestProjectSetup.csproj", "{0175036B-90B0-4222-B499-70411BBCF057}"
EndProject
Project("{FAE04EC0-301F-11D3-BF4B-00C04F79EFBC}") = "RequireGodotTestProjectSetup", "Examples\Basics\Setup\RequireGodotTestProjectSetup\RequireGodotTestProjectSetup.csproj", "{56CB1590-A36B-4F84-9988-3202B61FC718}"
EndProject
Project("{2150E333-8FDC-42A3-9474-1A3956D46DE8}") = "Advanced", "Advanced", "{B36A91C9-B7D4-30D3-62AC-CF277310AF49}"
EndProject
Project("{2150E333-8FDC-42A3-9474-1A3956D46DE8}") = "Setup", "Setup", "{53AB819A-AC2B-0DDF-4F76-43CEC5BC6009}"
EndProject
Project("{2150E333-8FDC-42A3-9474-1A3956D46DE8}") = "TestWithRunsettings", "TestWithRunsettings", "{DB73278D-8F3F-A02B-BDCD-3018F0DDC8CA}"
EndProject
Project("{FAE04EC0-301F-11D3-BF4B-00C04F79EFBC}") = "TestWithRunsettings", "Examples\Advanced\Setup\TestWithRunsettings\TestWithRunsettings.csproj", "{F23DA251-2071-4092-BFE7-F6EFF6EFD8DB}"
EndProject
Project("{FAE04EC0-301F-11D3-BF4B-00C04F79EFBC}") = "Tests", "Examples\Basics\Tests\Tests.csproj", "{1429933D-9167-4D87-910F-4E18AD68F705}"
EndProject
Project("{2150E333-8FDC-42A3-9474-1A3956D46DE8}") = "TestWithAnalyzers", "TestWithAnalyzers", "{BE1C6E15-E4CB-C45E-A0FE-F2A6AF703C78}"
EndProject
Project("{FAE04EC0-301F-11D3-BF4B-00C04F79EFBC}") = "TestWithAnalyzers", "Examples\Advanced\Setup\TestWithAnalyzers\TestWithAnalyzers.csproj", "{0347897B-B0EE-4927-B2A0-423A19C90DF1}"
EndProject
Project("{FAE04EC0-301F-11D3-BF4B-00C04F79EFBC}") = "Tests", "Examples\Advanced\Tests\Tests.csproj", "{ED04C9C0-5388-4ADF-8806-CEF64F3D4C7E}"
EndProject
Global
	GlobalSection(SolutionConfigurationPlatforms) = preSolution
		Debug|Any CPU = Debug|Any CPU
		Debug|x64 = Debug|x64
		Debug|x86 = Debug|x86
		Release|Any CPU = Release|Any CPU
		Release|x64 = Release|x64
		Release|x86 = Release|x86
	EndGlobalSection
	GlobalSection(ProjectConfigurationPlatforms) = postSolution
		{0175036B-90B0-4222-B499-70411BBCF057}.Debug|Any CPU.ActiveCfg = Debug|Any CPU
		{0175036B-90B0-4222-B499-70411BBCF057}.Debug|Any CPU.Build.0 = Debug|Any CPU
		{0175036B-90B0-4222-B499-70411BBCF057}.Debug|x64.ActiveCfg = Debug|Any CPU
		{0175036B-90B0-4222-B499-70411BBCF057}.Debug|x64.Build.0 = Debug|Any CPU
		{0175036B-90B0-4222-B499-70411BBCF057}.Debug|x86.ActiveCfg = Debug|Any CPU
		{0175036B-90B0-4222-B499-70411BBCF057}.Debug|x86.Build.0 = Debug|Any CPU
		{0175036B-90B0-4222-B499-70411BBCF057}.Release|Any CPU.ActiveCfg = Release|Any CPU
		{0175036B-90B0-4222-B499-70411BBCF057}.Release|Any CPU.Build.0 = Release|Any CPU
		{0175036B-90B0-4222-B499-70411BBCF057}.Release|x64.ActiveCfg = Release|Any CPU
		{0175036B-90B0-4222-B499-70411BBCF057}.Release|x64.Build.0 = Release|Any CPU
		{0175036B-90B0-4222-B499-70411BBCF057}.Release|x86.ActiveCfg = Release|Any CPU
		{0175036B-90B0-4222-B499-70411BBCF057}.Release|x86.Build.0 = Release|Any CPU
		{56CB1590-A36B-4F84-9988-3202B61FC718}.Debug|Any CPU.ActiveCfg = Debug|Any CPU
		{56CB1590-A36B-4F84-9988-3202B61FC718}.Debug|Any CPU.Build.0 = Debug|Any CPU
		{56CB1590-A36B-4F84-9988-3202B61FC718}.Debug|x64.ActiveCfg = Debug|Any CPU
		{56CB1590-A36B-4F84-9988-3202B61FC718}.Debug|x64.Build.0 = Debug|Any CPU
		{56CB1590-A36B-4F84-9988-3202B61FC718}.Debug|x86.ActiveCfg = Debug|Any CPU
		{56CB1590-A36B-4F84-9988-3202B61FC718}.Debug|x86.Build.0 = Debug|Any CPU
		{56CB1590-A36B-4F84-9988-3202B61FC718}.Release|Any CPU.ActiveCfg = Debug|Any CPU
		{56CB1590-A36B-4F84-9988-3202B61FC718}.Release|Any CPU.Build.0 = Debug|Any CPU
		{56CB1590-A36B-4F84-9988-3202B61FC718}.Release|x64.ActiveCfg = Debug|Any CPU
		{56CB1590-A36B-4F84-9988-3202B61FC718}.Release|x64.Build.0 = Debug|Any CPU
		{56CB1590-A36B-4F84-9988-3202B61FC718}.Release|x86.ActiveCfg = Debug|Any CPU
		{56CB1590-A36B-4F84-9988-3202B61FC718}.Release|x86.Build.0 = Debug|Any CPU
		{F23DA251-2071-4092-BFE7-F6EFF6EFD8DB}.Debug|Any CPU.ActiveCfg = Debug|Any CPU
		{F23DA251-2071-4092-BFE7-F6EFF6EFD8DB}.Debug|Any CPU.Build.0 = Debug|Any CPU
		{F23DA251-2071-4092-BFE7-F6EFF6EFD8DB}.Debug|x64.ActiveCfg = Debug|Any CPU
		{F23DA251-2071-4092-BFE7-F6EFF6EFD8DB}.Debug|x64.Build.0 = Debug|Any CPU
		{F23DA251-2071-4092-BFE7-F6EFF6EFD8DB}.Debug|x86.ActiveCfg = Debug|Any CPU
		{F23DA251-2071-4092-BFE7-F6EFF6EFD8DB}.Debug|x86.Build.0 = Debug|Any CPU
		{F23DA251-2071-4092-BFE7-F6EFF6EFD8DB}.Release|Any CPU.ActiveCfg = Debug|Any CPU
		{F23DA251-2071-4092-BFE7-F6EFF6EFD8DB}.Release|Any CPU.Build.0 = Debug|Any CPU
		{F23DA251-2071-4092-BFE7-F6EFF6EFD8DB}.Release|x64.ActiveCfg = Debug|Any CPU
		{F23DA251-2071-4092-BFE7-F6EFF6EFD8DB}.Release|x64.Build.0 = Debug|Any CPU
		{F23DA251-2071-4092-BFE7-F6EFF6EFD8DB}.Release|x86.ActiveCfg = Debug|Any CPU
		{F23DA251-2071-4092-BFE7-F6EFF6EFD8DB}.Release|x86.Build.0 = Debug|Any CPU
		{1429933D-9167-4D87-910F-4E18AD68F705}.Debug|Any CPU.ActiveCfg = Debug|Any CPU
		{1429933D-9167-4D87-910F-4E18AD68F705}.Debug|Any CPU.Build.0 = Debug|Any CPU
		{1429933D-9167-4D87-910F-4E18AD68F705}.Debug|x64.ActiveCfg = Debug|Any CPU
		{1429933D-9167-4D87-910F-4E18AD68F705}.Debug|x64.Build.0 = Debug|Any CPU
		{1429933D-9167-4D87-910F-4E18AD68F705}.Debug|x86.ActiveCfg = Debug|Any CPU
		{1429933D-9167-4D87-910F-4E18AD68F705}.Debug|x86.Build.0 = Debug|Any CPU
		{1429933D-9167-4D87-910F-4E18AD68F705}.Release|Any CPU.ActiveCfg = Debug|Any CPU
		{1429933D-9167-4D87-910F-4E18AD68F705}.Release|Any CPU.Build.0 = Debug|Any CPU
		{1429933D-9167-4D87-910F-4E18AD68F705}.Release|x64.ActiveCfg = Debug|Any CPU
		{1429933D-9167-4D87-910F-4E18AD68F705}.Release|x64.Build.0 = Debug|Any CPU
		{1429933D-9167-4D87-910F-4E18AD68F705}.Release|x86.ActiveCfg = Debug|Any CPU
		{1429933D-9167-4D87-910F-4E18AD68F705}.Release|x86.Build.0 = Debug|Any CPU
		{0347897B-B0EE-4927-B2A0-423A19C90DF1}.Debug|Any CPU.ActiveCfg = Debug|Any CPU
		{0347897B-B0EE-4927-B2A0-423A19C90DF1}.Debug|Any CPU.Build.0 = Debug|Any CPU
		{0347897B-B0EE-4927-B2A0-423A19C90DF1}.Debug|x64.ActiveCfg = Debug|Any CPU
		{0347897B-B0EE-4927-B2A0-423A19C90DF1}.Debug|x64.Build.0 = Debug|Any CPU
		{0347897B-B0EE-4927-B2A0-423A19C90DF1}.Debug|x86.ActiveCfg = Debug|Any CPU
		{0347897B-B0EE-4927-B2A0-423A19C90DF1}.Debug|x86.Build.0 = Debug|Any CPU
		{0347897B-B0EE-4927-B2A0-423A19C90DF1}.Release|Any CPU.ActiveCfg = Debug|Any CPU
		{0347897B-B0EE-4927-B2A0-423A19C90DF1}.Release|Any CPU.Build.0 = Debug|Any CPU
		{0347897B-B0EE-4927-B2A0-423A19C90DF1}.Release|x64.ActiveCfg = Debug|Any CPU
		{0347897B-B0EE-4927-B2A0-423A19C90DF1}.Release|x64.Build.0 = Debug|Any CPU
		{0347897B-B0EE-4927-B2A0-423A19C90DF1}.Release|x86.ActiveCfg = Debug|Any CPU
		{0347897B-B0EE-4927-B2A0-423A19C90DF1}.Release|x86.Build.0 = Debug|Any CPU
		{ED04C9C0-5388-4ADF-8806-CEF64F3D4C7E}.Debug|Any CPU.ActiveCfg = Debug|Any CPU
		{ED04C9C0-5388-4ADF-8806-CEF64F3D4C7E}.Debug|Any CPU.Build.0 = Debug|Any CPU
		{ED04C9C0-5388-4ADF-8806-CEF64F3D4C7E}.Debug|x64.ActiveCfg = Debug|Any CPU
		{ED04C9C0-5388-4ADF-8806-CEF64F3D4C7E}.Debug|x64.Build.0 = Debug|Any CPU
		{ED04C9C0-5388-4ADF-8806-CEF64F3D4C7E}.Debug|x86.ActiveCfg = Debug|Any CPU
		{ED04C9C0-5388-4ADF-8806-CEF64F3D4C7E}.Debug|x86.Build.0 = Debug|Any CPU
		{ED04C9C0-5388-4ADF-8806-CEF64F3D4C7E}.Release|Any CPU.ActiveCfg = Debug|Any CPU
		{ED04C9C0-5388-4ADF-8806-CEF64F3D4C7E}.Release|Any CPU.Build.0 = Debug|Any CPU
		{ED04C9C0-5388-4ADF-8806-CEF64F3D4C7E}.Release|x64.ActiveCfg = Debug|Any CPU
		{ED04C9C0-5388-4ADF-8806-CEF64F3D4C7E}.Release|x64.Build.0 = Debug|Any CPU
		{ED04C9C0-5388-4ADF-8806-CEF64F3D4C7E}.Release|x86.ActiveCfg = Debug|Any CPU
		{ED04C9C0-5388-4ADF-8806-CEF64F3D4C7E}.Release|x86.Build.0 = Debug|Any CPU
	EndGlobalSection
	GlobalSection(SolutionProperties) = preSolution
		HideSolutionNode = FALSE
	EndGlobalSection
	GlobalSection(NestedProjects) = preSolution
		{B7859C26-2FDE-C82C-7BEF-75AF2975790A} = {B36A84DF-456D-A817-6EDD-3EC3E7F6E11F}
		{A65821C0-2555-07B0-65E2-B44F8FC97E86} = {B7859C26-2FDE-C82C-7BEF-75AF2975790A}
		{0175036B-90B0-4222-B499-70411BBCF057} = {A65821C0-2555-07B0-65E2-B44F8FC97E86}
		{56CB1590-A36B-4F84-9988-3202B61FC718} = {A65821C0-2555-07B0-65E2-B44F8FC97E86}
		{B36A91C9-B7D4-30D3-62AC-CF277310AF49} = {B36A84DF-456D-A817-6EDD-3EC3E7F6E11F}
		{53AB819A-AC2B-0DDF-4F76-43CEC5BC6009} = {B36A91C9-B7D4-30D3-62AC-CF277310AF49}
		{DB73278D-8F3F-A02B-BDCD-3018F0DDC8CA} = {53AB819A-AC2B-0DDF-4F76-43CEC5BC6009}
		{F23DA251-2071-4092-BFE7-F6EFF6EFD8DB} = {DB73278D-8F3F-A02B-BDCD-3018F0DDC8CA}
		{1429933D-9167-4D87-910F-4E18AD68F705} = {B7859C26-2FDE-C82C-7BEF-75AF2975790A}
		{BE1C6E15-E4CB-C45E-A0FE-F2A6AF703C78} = {53AB819A-AC2B-0DDF-4F76-43CEC5BC6009}
		{0347897B-B0EE-4927-B2A0-423A19C90DF1} = {BE1C6E15-E4CB-C45E-A0FE-F2A6AF703C78}
		{ED04C9C0-5388-4ADF-8806-CEF64F3D4C7E} = {B36A91C9-B7D4-30D3-62AC-CF277310AF49}
	EndGlobalSection
EndGlobal
